
Microsoft Visual Studio Solution File, Format Version 12.00
# Visual Studio Version 17
VisualStudioVersion = 17.14.36301.6 d17.14
MinimumVisualStudioVersion = 10.0.40219.1
Project("{F184B08F-C81C-45F6-A57F-5ABD9991F28F}") = "8086 Emulator", "8086 Emulator.vbproj", "{6524A649-7DFB-4AE6-A759-003CAA79637D}"
EndProject
Global
	GlobalSection(SolutionConfigurationPlatforms) = preSolution
		Debug|Any CPU = Debug|Any CPU
		Debug|x64 = Debug|x64
		Debug|x86 = Debug|x86
		Release|Any CPU = Release|Any CPU
		Release|x64 = Release|x64
		Release|x86 = Release|x86
	EndGlobalSection
	GlobalSection(ProjectConfigurationPlatforms) = postSolution
		{6524A649-7DFB-4AE6-A759-003CAA79637D}.Debug|Any CPU.ActiveCfg = Debug|Any CPU
		{6524A649-7DFB-4AE6-A759-003CAA79637D}.Debug|Any CPU.Build.0 = Debug|Any CPU
		{6524A649-7DFB-4AE6-A759-003CAA79637D}.Debug|x64.ActiveCfg = Debug|x64
		{6524A649-7DFB-4AE6-A759-003CAA79637D}.Debug|x64.Build.0 = Debug|x64
		{6524A649-7DFB-4AE6-A759-003CAA79637D}.Debug|x86.ActiveCfg = Debug|x86
		{6524A649-7DFB-4AE6-A759-003CAA79637D}.Debug|x86.Build.0 = Debug|x86
		{6524A649-7DFB-4AE6-A759-003CAA79637D}.Release|Any CPU.ActiveCfg = Release|Any CPU
		{6524A649-7DFB-4AE6-A759-003CAA79637D}.Release|Any CPU.Build.0 = Release|Any CPU
		{6524A649-7DFB-4AE6-A759-003CAA79637D}.Release|x64.ActiveCfg = Release|x64
		{6524A649-7DFB-4AE6-A759-003CAA79637D}.Release|x64.Build.0 = Release|x64
		{6524A649-7DFB-4AE6-A759-003CAA79637D}.Release|x86.ActiveCfg = Release|x86
		{6524A649-7DFB-4AE6-A759-003CAA79637D}.Release|x86.Build.0 = Release|x86
	EndGlobalSection
	GlobalSection(SolutionProperties) = preSolution
		HideSolutionNode = FALSE
	EndGlobalSection
	GlobalSection(ExtensibilityGlobals) = postSolution
		SolutionGuid = {83EF7DE8-9000-463B-AB36-E82D014D9B8F}
	EndGlobalSection
EndGlobal
